<?xml version="1.0" encoding="utf-8"?>
<Project ToolsVersion="Current" xmlns="http://schemas.microsoft.com/developer/msbuild/2003">
  <ItemGroup>
    <ClCompile Include="3rdParty\imgui-docking\backends\imgui_impl_dx12.cpp" />
    <ClCompile Include="3rdParty\imgui-docking\backends\imgui_impl_win32.cpp" />
    <ClCompile Include="3rdParty\imgui-docking\imgui.cpp" />
    <ClCompile Include="3rdParty\imgui-docking\imgui_demo.cpp" />
    <ClCompile Include="3rdParty\imgui-docking\imgui_draw.cpp" />
    <ClCompile Include="3rdParty\imgui-docking\imgui_tables.cpp" />
    <ClCompile Include="3rdParty\imgui-docking\imgui_widgets.cpp" />
    <ClCompile Include="3rdParty\ImGuizmo\ImGuizmo.cpp" />
    <ClCompile Include="Application.cpp" />
    <ClCompile Include="DebugDrawPass.cpp" />
    <ClCompile Include="Engine.cpp" />
    <ClCompile Include="GamePad.cpp" />
    <ClCompile Include="Globals.cpp" />
    <ClCompile Include="ImGuiPass.cpp" />
    <ClCompile Include="Keyboard.cpp" />
    <ClCompile Include="ModuleD3D12.cpp" />
    <ClCompile Include="ModuleInput.cpp" />
    <ClCompile Include="ModuleResources.cpp" />
    <ClCompile Include="Mouse.cpp" />
    <ClCompile Include="SimpleMath.cpp" />
    <ClCompile Include="ModuleEditor.cpp" />
    <ClCompile Include="ModuleExercise2.cpp" />
    <ClCompile Include="ModuleExercise3.cpp" />
    <ClCompile Include="ModuleCamera.cpp" />
    <ClCompile Include="ModuleShaderDescriptors.cpp" />
    <ClCompile Include="ModuleExercise4.cpp" />
    <ClCompile Include="ModuleSampler.cpp" />
    <ClCompile Include="Model.cpp" />
    <ClCompile Include="Mesh.cpp" />
    <ClCompile Include="Material.cpp" />
    <ClCompile Include="ModuleExercise5.cpp" />
    <ClCompile Include="ModuleRingBuffer.cpp" />
    <ClCompile Include="ModuleExercise6.cpp" />
    <ClCompile Include="ModuleExercise7.cpp" />
    <ClCompile Include="ModuleRTDescriptors.cpp" />
    <ClCompile Include="RenderTexture.cpp" />
    <ClCompile Include="ModuleDSDescriptors.cpp" />
  </ItemGroup>
  <ItemGroup>
    <ClInclude Include="3rdParty\imgui-docking\backends\imgui_impl_dx12.h" />
    <ClInclude Include="3rdParty\imgui-docking\backends\imgui_impl_win32.h" />
    <ClInclude Include="3rdParty\imgui-docking\imgui.h" />
    <ClInclude Include="3rdParty\imgui-docking\imgui_internal.h" />
    <ClInclude Include="3rdParty\ImGuizmo\ImGuizmo.h" />
    <ClInclude Include="Application.h" />
    <ClInclude Include="DebugDrawPass.h" />
    <ClInclude Include="debug_draw.hpp" />
    <ClInclude Include="Engine.h" />
    <ClInclude Include="framework.h" />
    <ClInclude Include="GamePad.h" />
    <ClInclude Include="Globals.h" />
    <ClInclude Include="ImGuiPass.h" />
    <ClInclude Include="Keyboard.h" />
    <ClInclude Include="Module.h" />
    <ClInclude Include="ModuleD3D12.h" />
    <ClInclude Include="ModuleInput.h" />
    <ClInclude Include="ModuleResources.h" />
    <ClInclude Include="Mouse.h" />
    <ClInclude Include="PlatformHelpers.h" />
    <ClInclude Include="ReadData.h" />
    <ClInclude Include="Resource.h" />
    <ClInclude Include="SimpleMath.h" />
    <ClInclude Include="targetver.h" />
    <ClInclude Include="ModuleEditor.h" />
    <ClInclude Include="ModuleExercise2.h" />
    <ClInclude Include="ModuleExercise3.h" />
    <ClInclude Include="ModuleCamera.h" />
    <ClInclude Include="ModuleShaderDescriptors.h" />
    <ClInclude Include="ModuleExercise4.h" />
    <ClInclude Include="ModuleSampler.h" />
    <ClInclude Include="Model.h" />
    <ClInclude Include="Mesh.h" />
    <ClInclude Include="gltf_utils.h" />
    <ClInclude Include="Material.h" />
    <ClInclude Include="ModuleExercise5.h" />
    <ClInclude Include="ModuleRingBuffer.h" />
    <ClInclude Include="ModuleExercise6.h" />
    <ClInclude Include="ModuleExercise7.h" />
    <ClInclude Include="RenderTexture.h" />
    <ClInclude Include="ModuleRTDescriptors.h" />
    <ClInclude Include="ModuleDSDescriptors.h" />
  </ItemGroup>
  <ItemGroup>
    <ResourceCompile Include="Engine.rc" />
  </ItemGroup>
  <ItemGroup>
    <Image Include="Engine.ico" />
    <Image Include="small.ico" />
  </ItemGroup>
  <ItemGroup>
    <None Include="SimpleMath.inl" />
    <None Include="Exercise6.hlsli" />
    <None Include="Exercise7.hlsli" />
  </ItemGroup>
  <ItemGroup>
    <FxCompile Include="Exercise2VS.hlsl" />
    <FxCompile Include="Exercise2PS.hlsl" />
    <FxCompile Include="Exercise3VS.hlsl" />
    <FxCompile Include="Exercise3PS.hlsl" />
    <FxCompile Include="Exercise4PS.hlsl" />
    <FxCompile Include="Exercise4VS.hlsl" />
    <FxCompile Include="Exercise5PS.hlsl" />
    <FxCompile Include="Exercise5VS.hlsl" />
    <FxCompile Include="Exercise6VS.hlsl" />
    <FxCompile Include="Exercise6PS.hlsl" />
    <FxCompile Include="Exercise7VS.hlsl" />
    <FxCompile Include="Exercise7PS.hlsl" />
  </ItemGroup>
</Project>